// !$*UTF8*$!
{
	archiveVersion = 1;
	classes = {
	};
	objectVersion = 46;
	objects = {

/* Begin PBXBuildFile section */
		5A3D240B64E48CB872579258 /* Pods_ClinicsAndDoctors.framework in Frameworks */ = {isa = PBXBuildFile; fileRef = 839FDBBA2E4CB8A100DEE2F6 /* Pods_ClinicsAndDoctors.framework */; };
		FB02285A1F8675F500853B1B /* CustomInfoVIew.swift in Sources */ = {isa = PBXBuildFile; fileRef = FB0228591F8675F500853B1B /* CustomInfoVIew.swift */; };
		FB02285E1F8676C700853B1B /* CustomInfoVIewX.xib in Resources */ = {isa = PBXBuildFile; fileRef = FB02285D1F8676C700853B1B /* CustomInfoVIewX.xib */; };
		FB3E548F1F81B64900DF65BA /* EspacialityButtonCell.swift in Sources */ = {isa = PBXBuildFile; fileRef = FB3E548E1F81B64900DF65BA /* EspacialityButtonCell.swift */; };
		FB4600571F81D6D100C258E5 /* DoctorCell.swift in Sources */ = {isa = PBXBuildFile; fileRef = FB4600561F81D6D100C258E5 /* DoctorCell.swift */; };
		FB4600591F8206CD00C258E5 /* SliderMillesCell.swift in Sources */ = {isa = PBXBuildFile; fileRef = FB4600581F8206CD00C258E5 /* SliderMillesCell.swift */; };
		FB48541D1F7F6EAC00B758A4 /* LoginWithEmailVC.swift in Sources */ = {isa = PBXBuildFile; fileRef = FB48541C1F7F6EAC00B758A4 /* LoginWithEmailVC.swift */; };
		FB48541F1F7F822F00B758A4 /* ForgotPasswordVC.swift in Sources */ = {isa = PBXBuildFile; fileRef = FB48541E1F7F822F00B758A4 /* ForgotPasswordVC.swift */; };
		FB4854211F7F8B2000B758A4 /* RegisterVC.swift in Sources */ = {isa = PBXBuildFile; fileRef = FB4854201F7F8B2000B758A4 /* RegisterVC.swift */; };
		FB4854231F7F8D4F00B758A4 /* HomeVC.swift in Sources */ = {isa = PBXBuildFile; fileRef = FB4854221F7F8D4F00B758A4 /* HomeVC.swift */; };
		FB4BEBAF1F87599100B4E386 /* DoctorDetailVC.swift in Sources */ = {isa = PBXBuildFile; fileRef = FB4BEBAE1F87599100B4E386 /* DoctorDetailVC.swift */; };
		FB4CE39C1F8B37A500DFC4A9 /* ClinincDetailVC.swift in Sources */ = {isa = PBXBuildFile; fileRef = FB4CE39B1F8B37A500DFC4A9 /* ClinincDetailVC.swift */; };
		FB54694A1F9AE88300B42712 /* Speciality.swift in Sources */ = {isa = PBXBuildFile; fileRef = FB5469491F9AE88300B42712 /* Speciality.swift */; };
		FB5FC4F61F8D36E20022720D /* ClinicCell.swift in Sources */ = {isa = PBXBuildFile; fileRef = FB5FC4F51F8D36E20022720D /* ClinicCell.swift */; };
		FB6766BD1F8433790039C122 /* LeftMenuVC.swift in Sources */ = {isa = PBXBuildFile; fileRef = FB6766BC1F8433790039C122 /* LeftMenuVC.swift */; };
		FB8004391F84A0050028C62E /* ProfileVC.swift in Sources */ = {isa = PBXBuildFile; fileRef = FB8004381F84A0050028C62E /* ProfileVC.swift */; };
		FB86ABDC1F8B0DA400817B4B /* FavoritesVC.swift in Sources */ = {isa = PBXBuildFile; fileRef = FB86ABDB1F8B0DA400817B4B /* FavoritesVC.swift */; };
		FB9FD2781F8B025200CDA54C /* ReviewsVC.swift in Sources */ = {isa = PBXBuildFile; fileRef = FB9FD2771F8B025200CDA54C /* ReviewsVC.swift */; };
		FB9FD27A1F8B03C600CDA54C /* ReviewCell.swift in Sources */ = {isa = PBXBuildFile; fileRef = FB9FD2791F8B03C600CDA54C /* ReviewCell.swift */; };
		FBD7A2E31F925D710038DD30 /* Clinic.swift in Sources */ = {isa = PBXBuildFile; fileRef = FBD7A2E21F925D710038DD30 /* Clinic.swift */; };
		FBD7A2E81F9262800038DD30 /* ISClient.swift in Sources */ = {isa = PBXBuildFile; fileRef = FBD7A2E71F9262800038DD30 /* ISClient.swift */; };
		FBD7A2EA1F92657C0038DD30 /* User.swift in Sources */ = {isa = PBXBuildFile; fileRef = FBD7A2E91F92657C0038DD30 /* User.swift */; };
		FBD7A2EC1F9266340038DD30 /* Doctor.swift in Sources */ = {isa = PBXBuildFile; fileRef = FBD7A2EB1F9266340038DD30 /* Doctor.swift */; };
		FBD7A2EE1F926B9B0038DD30 /* Category.swift in Sources */ = {isa = PBXBuildFile; fileRef = FBD7A2ED1F926B9B0038DD30 /* Category.swift */; };
		FBE2018D1F7DF69F00C51A0D /* AppDelegate.swift in Sources */ = {isa = PBXBuildFile; fileRef = FBE2018C1F7DF69F00C51A0D /* AppDelegate.swift */; };
		FBE2018F1F7DF69F00C51A0D /* ViewController.swift in Sources */ = {isa = PBXBuildFile; fileRef = FBE2018E1F7DF69F00C51A0D /* ViewController.swift */; };
		FBE201921F7DF69F00C51A0D /* Main.storyboard in Resources */ = {isa = PBXBuildFile; fileRef = FBE201901F7DF69F00C51A0D /* Main.storyboard */; };
		FBE201951F7DF69F00C51A0D /* ClinicsAndDoctors.xcdatamodeld in Sources */ = {isa = PBXBuildFile; fileRef = FBE201931F7DF69F00C51A0D /* ClinicsAndDoctors.xcdatamodeld */; };
		FBE201971F7DF69F00C51A0D /* Assets.xcassets in Resources */ = {isa = PBXBuildFile; fileRef = FBE201961F7DF69F00C51A0D /* Assets.xcassets */; };
		FBE2019A1F7DF69F00C51A0D /* LaunchScreen.storyboard in Resources */ = {isa = PBXBuildFile; fileRef = FBE201981F7DF69F00C51A0D /* LaunchScreen.storyboard */; };
		FBEC68A21F8BDE9400DC304A /* RatingVC.swift in Sources */ = {isa = PBXBuildFile; fileRef = FBEC68A11F8BDE9400DC304A /* RatingVC.swift */; };
/* End PBXBuildFile section */

/* Begin PBXFileReference section */
		4BA06CFE8EB60E32718BC28A /* Pods-ClinicsAndDoctors.release.xcconfig */ = {isa = PBXFileReference; includeInIndex = 1; lastKnownFileType = text.xcconfig; name = "Pods-ClinicsAndDoctors.release.xcconfig"; path = "Pods/Target Support Files/Pods-ClinicsAndDoctors/Pods-ClinicsAndDoctors.release.xcconfig"; sourceTree = "<group>"; };
		839FDBBA2E4CB8A100DEE2F6 /* Pods_ClinicsAndDoctors.framework */ = {isa = PBXFileReference; explicitFileType = wrapper.framework; includeInIndex = 0; path = Pods_ClinicsAndDoctors.framework; sourceTree = BUILT_PRODUCTS_DIR; };
		88C2140DBF9C26EC10DCF08A /* Pods-ClinicsAndDoctors.debug.xcconfig */ = {isa = PBXFileReference; includeInIndex = 1; lastKnownFileType = text.xcconfig; name = "Pods-ClinicsAndDoctors.debug.xcconfig"; path = "Pods/Target Support Files/Pods-ClinicsAndDoctors/Pods-ClinicsAndDoctors.debug.xcconfig"; sourceTree = "<group>"; };
		FB0228591F8675F500853B1B /* CustomInfoVIew.swift */ = {isa = PBXFileReference; lastKnownFileType = sourcecode.swift; name = CustomInfoVIew.swift; path = VC/Cell/CustomInfoVIew.swift; sourceTree = "<group>"; };
		FB02285D1F8676C700853B1B /* CustomInfoVIewX.xib */ = {isa = PBXFileReference; lastKnownFileType = file.xib; name = CustomInfoVIewX.xib; path = VC/Cell/CustomInfoVIewX.xib; sourceTree = "<group>"; };
		FB3E548E1F81B64900DF65BA /* EspacialityButtonCell.swift */ = {isa = PBXFileReference; lastKnownFileType = sourcecode.swift; name = EspacialityButtonCell.swift; path = VC/Cell/EspacialityButtonCell.swift; sourceTree = "<group>"; };
		FB4600561F81D6D100C258E5 /* DoctorCell.swift */ = {isa = PBXFileReference; lastKnownFileType = sourcecode.swift; name = DoctorCell.swift; path = VC/Cell/DoctorCell.swift; sourceTree = "<group>"; };
		FB4600581F8206CD00C258E5 /* SliderMillesCell.swift */ = {isa = PBXFileReference; lastKnownFileType = sourcecode.swift; name = SliderMillesCell.swift; path = VC/Cell/SliderMillesCell.swift; sourceTree = "<group>"; };
		FB48541C1F7F6EAC00B758A4 /* LoginWithEmailVC.swift */ = {isa = PBXFileReference; lastKnownFileType = sourcecode.swift; name = LoginWithEmailVC.swift; path = VC/LoginWithEmailVC.swift; sourceTree = "<group>"; };
		FB48541E1F7F822F00B758A4 /* ForgotPasswordVC.swift */ = {isa = PBXFileReference; lastKnownFileType = sourcecode.swift; name = ForgotPasswordVC.swift; path = VC/ForgotPasswordVC.swift; sourceTree = "<group>"; };
		FB4854201F7F8B2000B758A4 /* RegisterVC.swift */ = {isa = PBXFileReference; lastKnownFileType = sourcecode.swift; name = RegisterVC.swift; path = VC/RegisterVC.swift; sourceTree = "<group>"; };
		FB4854221F7F8D4F00B758A4 /* HomeVC.swift */ = {isa = PBXFileReference; lastKnownFileType = sourcecode.swift; name = HomeVC.swift; path = VC/HomeVC.swift; sourceTree = "<group>"; };
		FB4BEBAE1F87599100B4E386 /* DoctorDetailVC.swift */ = {isa = PBXFileReference; lastKnownFileType = sourcecode.swift; name = DoctorDetailVC.swift; path = VC/DoctorDetailVC.swift; sourceTree = "<group>"; };
		FB4CE39B1F8B37A500DFC4A9 /* ClinincDetailVC.swift */ = {isa = PBXFileReference; lastKnownFileType = sourcecode.swift; name = ClinincDetailVC.swift; path = VC/ClinincDetailVC.swift; sourceTree = "<group>"; };
		FB5469491F9AE88300B42712 /* Speciality.swift */ = {isa = PBXFileReference; lastKnownFileType = sourcecode.swift; name = Speciality.swift; path = Models/Speciality.swift; sourceTree = "<group>"; };
		FB5FC4F51F8D36E20022720D /* ClinicCell.swift */ = {isa = PBXFileReference; lastKnownFileType = sourcecode.swift; name = ClinicCell.swift; path = VC/Cell/ClinicCell.swift; sourceTree = "<group>"; };
		FB6766BC1F8433790039C122 /* LeftMenuVC.swift */ = {isa = PBXFileReference; lastKnownFileType = sourcecode.swift; name = LeftMenuVC.swift; path = VC/LeftMenuVC.swift; sourceTree = "<group>"; };
		FB8004381F84A0050028C62E /* ProfileVC.swift */ = {isa = PBXFileReference; lastKnownFileType = sourcecode.swift; name = ProfileVC.swift; path = VC/ProfileVC.swift; sourceTree = "<group>"; };
		FB86ABDB1F8B0DA400817B4B /* FavoritesVC.swift */ = {isa = PBXFileReference; lastKnownFileType = sourcecode.swift; name = FavoritesVC.swift; path = VC/FavoritesVC.swift; sourceTree = "<group>"; };
		FB9FD2751F8AFF7E00CDA54C /* Montserrat-Medium.otf */ = {isa = PBXFileReference; lastKnownFileType = file; name = "Montserrat-Medium.otf"; path = "../../../../../Movil/IOS/doc Swift/Fonts/Monserat/Montserrat-Medium.otf"; sourceTree = "<group>"; };
		FB9FD2761F8B005100CDA54C /* Montserrat-Light.otf */ = {isa = PBXFileReference; lastKnownFileType = file; name = "Montserrat-Light.otf"; path = "../../../../../Movil/IOS/doc Swift/Fonts/Monserat/Montserrat-Light.otf"; sourceTree = "<group>"; };
		FB9FD2771F8B025200CDA54C /* ReviewsVC.swift */ = {isa = PBXFileReference; lastKnownFileType = sourcecode.swift; name = ReviewsVC.swift; path = VC/ReviewsVC.swift; sourceTree = "<group>"; };
		FB9FD2791F8B03C600CDA54C /* ReviewCell.swift */ = {isa = PBXFileReference; lastKnownFileType = sourcecode.swift; name = ReviewCell.swift; path = VC/Cell/ReviewCell.swift; sourceTree = "<group>"; };
		FBD7A2E21F925D710038DD30 /* Clinic.swift */ = {isa = PBXFileReference; lastKnownFileType = sourcecode.swift; name = Clinic.swift; path = Models/Clinic.swift; sourceTree = "<group>"; };
		FBD7A2E71F9262800038DD30 /* ISClient.swift */ = {isa = PBXFileReference; lastKnownFileType = sourcecode.swift; name = ISClient.swift; path = Helpers/ISClient.swift; sourceTree = "<group>"; };
		FBD7A2E91F92657C0038DD30 /* User.swift */ = {isa = PBXFileReference; lastKnownFileType = sourcecode.swift; name = User.swift; path = Models/User.swift; sourceTree = "<group>"; };
		FBD7A2EB1F9266340038DD30 /* Doctor.swift */ = {isa = PBXFileReference; lastKnownFileType = sourcecode.swift; name = Doctor.swift; path = Models/Doctor.swift; sourceTree = "<group>"; };
		FBD7A2ED1F926B9B0038DD30 /* Category.swift */ = {isa = PBXFileReference; lastKnownFileType = sourcecode.swift; path = Category.swift; sourceTree = "<group>"; };
		FBE201891F7DF69F00C51A0D /* ClinicsAndDoctors.app */ = {isa = PBXFileReference; explicitFileType = wrapper.application; includeInIndex = 0; path = ClinicsAndDoctors.app; sourceTree = BUILT_PRODUCTS_DIR; };
		FBE2018C1F7DF69F00C51A0D /* AppDelegate.swift */ = {isa = PBXFileReference; lastKnownFileType = sourcecode.swift; path = AppDelegate.swift; sourceTree = "<group>"; };
		FBE2018E1F7DF69F00C51A0D /* ViewController.swift */ = {isa = PBXFileReference; lastKnownFileType = sourcecode.swift; path = ViewController.swift; sourceTree = "<group>"; };
		FBE201911F7DF69F00C51A0D /* Base */ = {isa = PBXFileReference; lastKnownFileType = file.storyboard; name = Base; path = Base.lproj/Main.storyboard; sourceTree = "<group>"; };
		FBE201941F7DF69F00C51A0D /* ClinicsAndDoctors.xcdatamodel */ = {isa = PBXFileReference; lastKnownFileType = wrapper.xcdatamodel; path = ClinicsAndDoctors.xcdatamodel; sourceTree = "<group>"; };
		FBE201961F7DF69F00C51A0D /* Assets.xcassets */ = {isa = PBXFileReference; lastKnownFileType = folder.assetcatalog; path = Assets.xcassets; sourceTree = "<group>"; };
		FBE201991F7DF69F00C51A0D /* Base */ = {isa = PBXFileReference; lastKnownFileType = file.storyboard; name = Base; path = Base.lproj/LaunchScreen.storyboard; sourceTree = "<group>"; };
		FBE2019B1F7DF69F00C51A0D /* Info.plist */ = {isa = PBXFileReference; lastKnownFileType = text.plist.xml; path = Info.plist; sourceTree = "<group>"; };
		FBEC68A11F8BDE9400DC304A /* RatingVC.swift */ = {isa = PBXFileReference; lastKnownFileType = sourcecode.swift; name = RatingVC.swift; path = VC/RatingVC.swift; sourceTree = "<group>"; };
/* End PBXFileReference section */

/* Begin PBXFrameworksBuildPhase section */
		FBE201861F7DF69F00C51A0D /* Frameworks */ = {
			isa = PBXFrameworksBuildPhase;
			buildActionMask = 2147483647;
			files = (
				5A3D240B64E48CB872579258 /* Pods_ClinicsAndDoctors.framework in Frameworks */,
			);
			runOnlyForDeploymentPostprocessing = 0;
		};
/* End PBXFrameworksBuildPhase section */

/* Begin PBXGroup section */
		31E9BFAC841487F6718F609C /* Pods */ = {
			isa = PBXGroup;
			children = (
				88C2140DBF9C26EC10DCF08A /* Pods-ClinicsAndDoctors.debug.xcconfig */,
				4BA06CFE8EB60E32718BC28A /* Pods-ClinicsAndDoctors.release.xcconfig */,
			);
			name = Pods;
			sourceTree = "<group>";
		};
		A441180926470B459AA69617 /* Frameworks */ = {
			isa = PBXGroup;
			children = (
				839FDBBA2E4CB8A100DEE2F6 /* Pods_ClinicsAndDoctors.framework */,
			);
			name = Frameworks;
			sourceTree = "<group>";
		};
		FB9FD2741F8AFF5700CDA54C /* Fonts */ = {
			isa = PBXGroup;
			children = (
				FB9FD2761F8B005100CDA54C /* Montserrat-Light.otf */,
				FB9FD2751F8AFF7E00CDA54C /* Montserrat-Medium.otf */,
			);
			name = Fonts;
			sourceTree = "<group>";
		};
		FBD7A2E61F9262620038DD30 /* Helpers */ = {
			isa = PBXGroup;
			children = (
				FBD7A2E71F9262800038DD30 /* ISClient.swift */,
			);
			name = Helpers;
			sourceTree = "<group>";
		};
		FBE201801F7DF69F00C51A0D = {
			isa = PBXGroup;
			children = (
				FBE2018B1F7DF69F00C51A0D /* ClinicsAndDoctors */,
				FBE2018A1F7DF69F00C51A0D /* Products */,
				31E9BFAC841487F6718F609C /* Pods */,
				A441180926470B459AA69617 /* Frameworks */,
			);
			sourceTree = "<group>";
		};
		FBE2018A1F7DF69F00C51A0D /* Products */ = {
			isa = PBXGroup;
			children = (
				FBE201891F7DF69F00C51A0D /* ClinicsAndDoctors.app */,
			);
			name = Products;
			sourceTree = "<group>";
		};
		FBE2018B1F7DF69F00C51A0D /* ClinicsAndDoctors */ = {
			isa = PBXGroup;
			children = (
				FB9FD2741F8AFF5700CDA54C /* Fonts */,
				FBE201A41F7DFA5000C51A0D /* Images */,
				FBD7A2E61F9262620038DD30 /* Helpers */,
				FBE201A31F7DF6D300C51A0D /* Models */,
				FBE201A21F7DF6C800C51A0D /* CellC */,
				FBE201A11F7DF6BB00C51A0D /* VC */,
				FBE2018C1F7DF69F00C51A0D /* AppDelegate.swift */,
				FBE2018E1F7DF69F00C51A0D /* ViewController.swift */,
				FBE201901F7DF69F00C51A0D /* Main.storyboard */,
				FBE201981F7DF69F00C51A0D /* LaunchScreen.storyboard */,
				FBE201961F7DF69F00C51A0D /* Assets.xcassets */,
				FBE2019B1F7DF69F00C51A0D /* Info.plist */,
				FBE201931F7DF69F00C51A0D /* ClinicsAndDoctors.xcdatamodeld */,
			);
			path = ClinicsAndDoctors;
			sourceTree = "<group>";
		};
		FBE201A11F7DF6BB00C51A0D /* VC */ = {
			isa = PBXGroup;
			children = (
				FB48541C1F7F6EAC00B758A4 /* LoginWithEmailVC.swift */,
				FB4854201F7F8B2000B758A4 /* RegisterVC.swift */,
				FB48541E1F7F822F00B758A4 /* ForgotPasswordVC.swift */,
				FB4854221F7F8D4F00B758A4 /* HomeVC.swift */,
				FB6766BC1F8433790039C122 /* LeftMenuVC.swift */,
				FB8004381F84A0050028C62E /* ProfileVC.swift */,
				FB4BEBAE1F87599100B4E386 /* DoctorDetailVC.swift */,
				FB9FD2771F8B025200CDA54C /* ReviewsVC.swift */,
				FB86ABDB1F8B0DA400817B4B /* FavoritesVC.swift */,
				FB4CE39B1F8B37A500DFC4A9 /* ClinincDetailVC.swift */,
				FBEC68A11F8BDE9400DC304A /* RatingVC.swift */,
			);
			name = VC;
			sourceTree = "<group>";
		};
		FBE201A21F7DF6C800C51A0D /* CellC */ = {
			isa = PBXGroup;
			children = (
				FB3E548E1F81B64900DF65BA /* EspacialityButtonCell.swift */,
				FB4600561F81D6D100C258E5 /* DoctorCell.swift */,
				FB5FC4F51F8D36E20022720D /* ClinicCell.swift */,
				FB4600581F8206CD00C258E5 /* SliderMillesCell.swift */,
				FB0228591F8675F500853B1B /* CustomInfoVIew.swift */,
				FB02285D1F8676C700853B1B /* CustomInfoVIewX.xib */,
				FB9FD2791F8B03C600CDA54C /* ReviewCell.swift */,
			);
			name = CellC;
			sourceTree = "<group>";
		};
		FBE201A31F7DF6D300C51A0D /* Models */ = {
			isa = PBXGroup;
			children = (
				FBD7A2E21F925D710038DD30 /* Clinic.swift */,
				FBD7A2ED1F926B9B0038DD30 /* Category.swift */,
				FBD7A2E91F92657C0038DD30 /* User.swift */,
				FBD7A2EB1F9266340038DD30 /* Doctor.swift */,
				FB5469491F9AE88300B42712 /* Speciality.swift */,
			);
			name = Models;
			sourceTree = "<group>";
		};
		FBE201A41F7DFA5000C51A0D /* Images */ = {
			isa = PBXGroup;
			children = (
			);
			path = Images;
			sourceTree = "<group>";
		};
/* End PBXGroup section */

/* Begin PBXNativeTarget section */
		FBE201881F7DF69F00C51A0D /* ClinicsAndDoctors */ = {
			isa = PBXNativeTarget;
			buildConfigurationList = FBE2019E1F7DF69F00C51A0D /* Build configuration list for PBXNativeTarget "ClinicsAndDoctors" */;
			buildPhases = (
				C5303175BC9175C3EF682555 /* [CP] Check Pods Manifest.lock */,
				FBE201851F7DF69F00C51A0D /* Sources */,
				FBE201861F7DF69F00C51A0D /* Frameworks */,
				FBE201871F7DF69F00C51A0D /* Resources */,
				D14FCB254615D72E883C643D /* [CP] Embed Pods Frameworks */,
				46653A9C7623237670F5CB13 /* [CP] Copy Pods Resources */,
			);
			buildRules = (
			);
			dependencies = (
			);
			name = ClinicsAndDoctors;
			productName = ClinicsAndDoctors;
			productReference = FBE201891F7DF69F00C51A0D /* ClinicsAndDoctors.app */;
			productType = "com.apple.product-type.application";
		};
/* End PBXNativeTarget section */

/* Begin PBXProject section */
		FBE201811F7DF69F00C51A0D /* Project object */ = {
			isa = PBXProject;
			attributes = {
				LastSwiftUpdateCheck = 0830;
				LastUpgradeCheck = 0830;
				ORGANIZATIONNAME = InfinixSoft;
				TargetAttributes = {
					FBE201881F7DF69F00C51A0D = {
						CreatedOnToolsVersion = 8.3.3;
<<<<<<< HEAD
						DevelopmentTeam = EUARY92ECY;
						ProvisioningStyle = Automatic;
=======
						ProvisioningStyle = Manual;
>>>>>>> master
					};
				};
			};
			buildConfigurationList = FBE201841F7DF69F00C51A0D /* Build configuration list for PBXProject "ClinicsAndDoctors" */;
			compatibilityVersion = "Xcode 3.2";
			developmentRegion = English;
			hasScannedForEncodings = 0;
			knownRegions = (
				en,
				Base,
			);
			mainGroup = FBE201801F7DF69F00C51A0D;
			productRefGroup = FBE2018A1F7DF69F00C51A0D /* Products */;
			projectDirPath = "";
			projectRoot = "";
			targets = (
				FBE201881F7DF69F00C51A0D /* ClinicsAndDoctors */,
			);
		};
/* End PBXProject section */

/* Begin PBXResourcesBuildPhase section */
		FBE201871F7DF69F00C51A0D /* Resources */ = {
			isa = PBXResourcesBuildPhase;
			buildActionMask = 2147483647;
			files = (
				FBE2019A1F7DF69F00C51A0D /* LaunchScreen.storyboard in Resources */,
				FBE201971F7DF69F00C51A0D /* Assets.xcassets in Resources */,
				FB02285E1F8676C700853B1B /* CustomInfoVIewX.xib in Resources */,
				FBE201921F7DF69F00C51A0D /* Main.storyboard in Resources */,
			);
			runOnlyForDeploymentPostprocessing = 0;
		};
/* End PBXResourcesBuildPhase section */

/* Begin PBXShellScriptBuildPhase section */
		46653A9C7623237670F5CB13 /* [CP] Copy Pods Resources */ = {
			isa = PBXShellScriptBuildPhase;
			buildActionMask = 2147483647;
			files = (
			);
			inputPaths = (
				"${SRCROOT}/Pods/Target Support Files/Pods-ClinicsAndDoctors/Pods-ClinicsAndDoctors-resources.sh",
				"${PODS_ROOT}/GoogleMaps/Maps/Frameworks/GoogleMaps.framework/Resources/GoogleMaps.bundle",
			);
			name = "[CP] Copy Pods Resources";
			outputPaths = (
				"${TARGET_BUILD_DIR}/${UNLOCALIZED_RESOURCES_FOLDER_PATH}",
			);
			runOnlyForDeploymentPostprocessing = 0;
			shellPath = /bin/sh;
			shellScript = "\"${SRCROOT}/Pods/Target Support Files/Pods-ClinicsAndDoctors/Pods-ClinicsAndDoctors-resources.sh\"\n";
			showEnvVarsInLog = 0;
		};
		C5303175BC9175C3EF682555 /* [CP] Check Pods Manifest.lock */ = {
			isa = PBXShellScriptBuildPhase;
			buildActionMask = 2147483647;
			files = (
			);
			inputPaths = (
				"${PODS_PODFILE_DIR_PATH}/Podfile.lock",
				"${PODS_ROOT}/Manifest.lock",
			);
			name = "[CP] Check Pods Manifest.lock";
			outputPaths = (
				"$(DERIVED_FILE_DIR)/Pods-ClinicsAndDoctors-checkManifestLockResult.txt",
			);
			runOnlyForDeploymentPostprocessing = 0;
			shellPath = /bin/sh;
			shellScript = "diff \"${PODS_PODFILE_DIR_PATH}/Podfile.lock\" \"${PODS_ROOT}/Manifest.lock\" > /dev/null\nif [ $? != 0 ] ; then\n    # print error to STDERR\n    echo \"error: The sandbox is not in sync with the Podfile.lock. Run 'pod install' or update your CocoaPods installation.\" >&2\n    exit 1\nfi\n# This output is used by Xcode 'outputs' to avoid re-running this script phase.\necho \"SUCCESS\" > \"${SCRIPT_OUTPUT_FILE_0}\"\n";
			showEnvVarsInLog = 0;
		};
		D14FCB254615D72E883C643D /* [CP] Embed Pods Frameworks */ = {
			isa = PBXShellScriptBuildPhase;
			buildActionMask = 2147483647;
			files = (
			);
			inputPaths = (
				"${SRCROOT}/Pods/Target Support Files/Pods-ClinicsAndDoctors/Pods-ClinicsAndDoctors-frameworks.sh",
				"${BUILT_PRODUCTS_DIR}/AELog/AELog.framework",
				"${BUILT_PRODUCTS_DIR}/ARSLineProgress/ARSLineProgress.framework",
				"${BUILT_PRODUCTS_DIR}/Alamofire/Alamofire.framework",
				"${BUILT_PRODUCTS_DIR}/AlamofireImage/AlamofireImage.framework",
				"${BUILT_PRODUCTS_DIR}/Bolts/Bolts.framework",
				"${BUILT_PRODUCTS_DIR}/FBSDKCoreKit/FBSDKCoreKit.framework",
				"${BUILT_PRODUCTS_DIR}/FBSDKLoginKit/FBSDKLoginKit.framework",
				"${BUILT_PRODUCTS_DIR}/FBSDKShareKit/FBSDKShareKit.framework",
				"${BUILT_PRODUCTS_DIR}/NVActivityIndicatorView/NVActivityIndicatorView.framework",
				"${BUILT_PRODUCTS_DIR}/PKHUD/PKHUD.framework",
				"${BUILT_PRODUCTS_DIR}/SideMenu/SideMenu.framework",
				"${BUILT_PRODUCTS_DIR}/SwiftMessages/SwiftMessages.framework",
				"${BUILT_PRODUCTS_DIR}/SwiftyJSON/SwiftyJSON.framework",
				"${BUILT_PRODUCTS_DIR}/TPKeyboardAvoiding/TPKeyboardAvoiding.framework",
			);
			name = "[CP] Embed Pods Frameworks";
			outputPaths = (
				"${TARGET_BUILD_DIR}/${FRAMEWORKS_FOLDER_PATH}/AELog.framework",
				"${TARGET_BUILD_DIR}/${FRAMEWORKS_FOLDER_PATH}/ARSLineProgress.framework",
				"${TARGET_BUILD_DIR}/${FRAMEWORKS_FOLDER_PATH}/Alamofire.framework",
				"${TARGET_BUILD_DIR}/${FRAMEWORKS_FOLDER_PATH}/AlamofireImage.framework",
				"${TARGET_BUILD_DIR}/${FRAMEWORKS_FOLDER_PATH}/Bolts.framework",
				"${TARGET_BUILD_DIR}/${FRAMEWORKS_FOLDER_PATH}/FBSDKCoreKit.framework",
				"${TARGET_BUILD_DIR}/${FRAMEWORKS_FOLDER_PATH}/FBSDKLoginKit.framework",
				"${TARGET_BUILD_DIR}/${FRAMEWORKS_FOLDER_PATH}/FBSDKShareKit.framework",
				"${TARGET_BUILD_DIR}/${FRAMEWORKS_FOLDER_PATH}/NVActivityIndicatorView.framework",
				"${TARGET_BUILD_DIR}/${FRAMEWORKS_FOLDER_PATH}/PKHUD.framework",
				"${TARGET_BUILD_DIR}/${FRAMEWORKS_FOLDER_PATH}/SideMenu.framework",
				"${TARGET_BUILD_DIR}/${FRAMEWORKS_FOLDER_PATH}/SwiftMessages.framework",
				"${TARGET_BUILD_DIR}/${FRAMEWORKS_FOLDER_PATH}/SwiftyJSON.framework",
				"${TARGET_BUILD_DIR}/${FRAMEWORKS_FOLDER_PATH}/TPKeyboardAvoiding.framework",
			);
			runOnlyForDeploymentPostprocessing = 0;
			shellPath = /bin/sh;
			shellScript = "\"${SRCROOT}/Pods/Target Support Files/Pods-ClinicsAndDoctors/Pods-ClinicsAndDoctors-frameworks.sh\"\n";
			showEnvVarsInLog = 0;
		};
/* End PBXShellScriptBuildPhase section */

/* Begin PBXSourcesBuildPhase section */
		FBE201851F7DF69F00C51A0D /* Sources */ = {
			isa = PBXSourcesBuildPhase;
			buildActionMask = 2147483647;
			files = (
				FB4BEBAF1F87599100B4E386 /* DoctorDetailVC.swift in Sources */,
				FB8004391F84A0050028C62E /* ProfileVC.swift in Sources */,
				FBD7A2EC1F9266340038DD30 /* Doctor.swift in Sources */,
				FB4CE39C1F8B37A500DFC4A9 /* ClinincDetailVC.swift in Sources */,
				FBEC68A21F8BDE9400DC304A /* RatingVC.swift in Sources */,
				FBD7A2E81F9262800038DD30 /* ISClient.swift in Sources */,
				FB4600571F81D6D100C258E5 /* DoctorCell.swift in Sources */,
				FB5FC4F61F8D36E20022720D /* ClinicCell.swift in Sources */,
				FBE2018F1F7DF69F00C51A0D /* ViewController.swift in Sources */,
				FB4854231F7F8D4F00B758A4 /* HomeVC.swift in Sources */,
				FB3E548F1F81B64900DF65BA /* EspacialityButtonCell.swift in Sources */,
				FB86ABDC1F8B0DA400817B4B /* FavoritesVC.swift in Sources */,
				FB4600591F8206CD00C258E5 /* SliderMillesCell.swift in Sources */,
				FBE201951F7DF69F00C51A0D /* ClinicsAndDoctors.xcdatamodeld in Sources */,
				FBE2018D1F7DF69F00C51A0D /* AppDelegate.swift in Sources */,
				FB4854211F7F8B2000B758A4 /* RegisterVC.swift in Sources */,
				FBD7A2EE1F926B9B0038DD30 /* Category.swift in Sources */,
				FB6766BD1F8433790039C122 /* LeftMenuVC.swift in Sources */,
				FB54694A1F9AE88300B42712 /* Speciality.swift in Sources */,
				FBD7A2E31F925D710038DD30 /* Clinic.swift in Sources */,
				FB9FD2781F8B025200CDA54C /* ReviewsVC.swift in Sources */,
				FB48541D1F7F6EAC00B758A4 /* LoginWithEmailVC.swift in Sources */,
				FB9FD27A1F8B03C600CDA54C /* ReviewCell.swift in Sources */,
				FB48541F1F7F822F00B758A4 /* ForgotPasswordVC.swift in Sources */,
				FB02285A1F8675F500853B1B /* CustomInfoVIew.swift in Sources */,
				FBD7A2EA1F92657C0038DD30 /* User.swift in Sources */,
			);
			runOnlyForDeploymentPostprocessing = 0;
		};
/* End PBXSourcesBuildPhase section */

/* Begin PBXVariantGroup section */
		FBE201901F7DF69F00C51A0D /* Main.storyboard */ = {
			isa = PBXVariantGroup;
			children = (
				FBE201911F7DF69F00C51A0D /* Base */,
			);
			name = Main.storyboard;
			sourceTree = "<group>";
		};
		FBE201981F7DF69F00C51A0D /* LaunchScreen.storyboard */ = {
			isa = PBXVariantGroup;
			children = (
				FBE201991F7DF69F00C51A0D /* Base */,
			);
			name = LaunchScreen.storyboard;
			sourceTree = "<group>";
		};
/* End PBXVariantGroup section */

/* Begin XCBuildConfiguration section */
		FBE2019C1F7DF69F00C51A0D /* Debug */ = {
			isa = XCBuildConfiguration;
			buildSettings = {
				ALWAYS_SEARCH_USER_PATHS = NO;
				CLANG_ANALYZER_NONNULL = YES;
				CLANG_ANALYZER_NUMBER_OBJECT_CONVERSION = YES_AGGRESSIVE;
				CLANG_CXX_LANGUAGE_STANDARD = "gnu++0x";
				CLANG_CXX_LIBRARY = "libc++";
				CLANG_ENABLE_MODULES = YES;
				CLANG_ENABLE_OBJC_ARC = YES;
				CLANG_WARN_BOOL_CONVERSION = YES;
				CLANG_WARN_CONSTANT_CONVERSION = YES;
				CLANG_WARN_DIRECT_OBJC_ISA_USAGE = YES_ERROR;
				CLANG_WARN_DOCUMENTATION_COMMENTS = YES;
				CLANG_WARN_EMPTY_BODY = YES;
				CLANG_WARN_ENUM_CONVERSION = YES;
				CLANG_WARN_INFINITE_RECURSION = YES;
				CLANG_WARN_INT_CONVERSION = YES;
				CLANG_WARN_OBJC_ROOT_CLASS = YES_ERROR;
				CLANG_WARN_SUSPICIOUS_MOVE = YES;
				CLANG_WARN_UNREACHABLE_CODE = YES;
				CLANG_WARN__DUPLICATE_METHOD_MATCH = YES;
				"CODE_SIGN_IDENTITY[sdk=iphoneos*]" = "iPhone Developer";
				COPY_PHASE_STRIP = NO;
				DEBUG_INFORMATION_FORMAT = dwarf;
				ENABLE_STRICT_OBJC_MSGSEND = YES;
				ENABLE_TESTABILITY = YES;
				GCC_C_LANGUAGE_STANDARD = gnu99;
				GCC_DYNAMIC_NO_PIC = NO;
				GCC_NO_COMMON_BLOCKS = YES;
				GCC_OPTIMIZATION_LEVEL = 0;
				GCC_PREPROCESSOR_DEFINITIONS = (
					"DEBUG=1",
					"$(inherited)",
				);
				GCC_WARN_64_TO_32_BIT_CONVERSION = YES;
				GCC_WARN_ABOUT_RETURN_TYPE = YES_ERROR;
				GCC_WARN_UNDECLARED_SELECTOR = YES;
				GCC_WARN_UNINITIALIZED_AUTOS = YES_AGGRESSIVE;
				GCC_WARN_UNUSED_FUNCTION = YES;
				GCC_WARN_UNUSED_VARIABLE = YES;
				IPHONEOS_DEPLOYMENT_TARGET = 10.3;
				MTL_ENABLE_DEBUG_INFO = YES;
				ONLY_ACTIVE_ARCH = YES;
				SDKROOT = iphoneos;
				SWIFT_ACTIVE_COMPILATION_CONDITIONS = DEBUG;
				SWIFT_OPTIMIZATION_LEVEL = "-Onone";
				TARGETED_DEVICE_FAMILY = "1,2";
			};
			name = Debug;
		};
		FBE2019D1F7DF69F00C51A0D /* Release */ = {
			isa = XCBuildConfiguration;
			buildSettings = {
				ALWAYS_SEARCH_USER_PATHS = NO;
				CLANG_ANALYZER_NONNULL = YES;
				CLANG_ANALYZER_NUMBER_OBJECT_CONVERSION = YES_AGGRESSIVE;
				CLANG_CXX_LANGUAGE_STANDARD = "gnu++0x";
				CLANG_CXX_LIBRARY = "libc++";
				CLANG_ENABLE_MODULES = YES;
				CLANG_ENABLE_OBJC_ARC = YES;
				CLANG_WARN_BOOL_CONVERSION = YES;
				CLANG_WARN_CONSTANT_CONVERSION = YES;
				CLANG_WARN_DIRECT_OBJC_ISA_USAGE = YES_ERROR;
				CLANG_WARN_DOCUMENTATION_COMMENTS = YES;
				CLANG_WARN_EMPTY_BODY = YES;
				CLANG_WARN_ENUM_CONVERSION = YES;
				CLANG_WARN_INFINITE_RECURSION = YES;
				CLANG_WARN_INT_CONVERSION = YES;
				CLANG_WARN_OBJC_ROOT_CLASS = YES_ERROR;
				CLANG_WARN_SUSPICIOUS_MOVE = YES;
				CLANG_WARN_UNREACHABLE_CODE = YES;
				CLANG_WARN__DUPLICATE_METHOD_MATCH = YES;
				"CODE_SIGN_IDENTITY[sdk=iphoneos*]" = "iPhone Developer";
				COPY_PHASE_STRIP = NO;
				DEBUG_INFORMATION_FORMAT = "dwarf-with-dsym";
				ENABLE_NS_ASSERTIONS = NO;
				ENABLE_STRICT_OBJC_MSGSEND = YES;
				GCC_C_LANGUAGE_STANDARD = gnu99;
				GCC_NO_COMMON_BLOCKS = YES;
				GCC_WARN_64_TO_32_BIT_CONVERSION = YES;
				GCC_WARN_ABOUT_RETURN_TYPE = YES_ERROR;
				GCC_WARN_UNDECLARED_SELECTOR = YES;
				GCC_WARN_UNINITIALIZED_AUTOS = YES_AGGRESSIVE;
				GCC_WARN_UNUSED_FUNCTION = YES;
				GCC_WARN_UNUSED_VARIABLE = YES;
				IPHONEOS_DEPLOYMENT_TARGET = 10.3;
				MTL_ENABLE_DEBUG_INFO = NO;
				SDKROOT = iphoneos;
				SWIFT_OPTIMIZATION_LEVEL = "-Owholemodule";
				TARGETED_DEVICE_FAMILY = "1,2";
				VALIDATE_PRODUCT = YES;
			};
			name = Release;
		};
		FBE2019F1F7DF69F00C51A0D /* Debug */ = {
			isa = XCBuildConfiguration;
			baseConfigurationReference = 88C2140DBF9C26EC10DCF08A /* Pods-ClinicsAndDoctors.debug.xcconfig */;
			buildSettings = {
				ASSETCATALOG_COMPILER_APPICON_NAME = AppIcon;
				"CODE_SIGN_IDENTITY[sdk=iphoneos*]" = "iPhone Developer";
<<<<<<< HEAD
				CODE_SIGN_STYLE = Automatic;
				DEVELOPMENT_TEAM = EUARY92ECY;
=======
				CODE_SIGN_STYLE = Manual;
				DEVELOPMENT_TEAM = "";
>>>>>>> master
				INFOPLIST_FILE = ClinicsAndDoctors/Info.plist;
				IPHONEOS_DEPLOYMENT_TARGET = 10.0;
				LD_RUNPATH_SEARCH_PATHS = "$(inherited) @executable_path/Frameworks";
				PRODUCT_BUNDLE_IDENTIFIER = com.infinixsoft.ClinicsAndDoctors;
				PRODUCT_NAME = "$(TARGET_NAME)";
				PROVISIONING_PROFILE_SPECIFIER = "";
				SWIFT_VERSION = 3.0;
			};
			name = Debug;
		};
		FBE201A01F7DF69F00C51A0D /* Release */ = {
			isa = XCBuildConfiguration;
			baseConfigurationReference = 4BA06CFE8EB60E32718BC28A /* Pods-ClinicsAndDoctors.release.xcconfig */;
			buildSettings = {
				ASSETCATALOG_COMPILER_APPICON_NAME = AppIcon;
				"CODE_SIGN_IDENTITY[sdk=iphoneos*]" = "iPhone Developer";
<<<<<<< HEAD
				CODE_SIGN_STYLE = Automatic;
				DEVELOPMENT_TEAM = EUARY92ECY;
=======
				CODE_SIGN_STYLE = Manual;
				DEVELOPMENT_TEAM = "";
>>>>>>> master
				INFOPLIST_FILE = ClinicsAndDoctors/Info.plist;
				IPHONEOS_DEPLOYMENT_TARGET = 10.0;
				LD_RUNPATH_SEARCH_PATHS = "$(inherited) @executable_path/Frameworks";
				PRODUCT_BUNDLE_IDENTIFIER = com.infinixsoft.ClinicsAndDoctors;
				PRODUCT_NAME = "$(TARGET_NAME)";
				PROVISIONING_PROFILE_SPECIFIER = "";
				SWIFT_VERSION = 3.0;
			};
			name = Release;
		};
/* End XCBuildConfiguration section */

/* Begin XCConfigurationList section */
		FBE201841F7DF69F00C51A0D /* Build configuration list for PBXProject "ClinicsAndDoctors" */ = {
			isa = XCConfigurationList;
			buildConfigurations = (
				FBE2019C1F7DF69F00C51A0D /* Debug */,
				FBE2019D1F7DF69F00C51A0D /* Release */,
			);
			defaultConfigurationIsVisible = 0;
			defaultConfigurationName = Release;
		};
		FBE2019E1F7DF69F00C51A0D /* Build configuration list for PBXNativeTarget "ClinicsAndDoctors" */ = {
			isa = XCConfigurationList;
			buildConfigurations = (
				FBE2019F1F7DF69F00C51A0D /* Debug */,
				FBE201A01F7DF69F00C51A0D /* Release */,
			);
			defaultConfigurationIsVisible = 0;
			defaultConfigurationName = Release;
		};
/* End XCConfigurationList section */

/* Begin XCVersionGroup section */
		FBE201931F7DF69F00C51A0D /* ClinicsAndDoctors.xcdatamodeld */ = {
			isa = XCVersionGroup;
			children = (
				FBE201941F7DF69F00C51A0D /* ClinicsAndDoctors.xcdatamodel */,
			);
			currentVersion = FBE201941F7DF69F00C51A0D /* ClinicsAndDoctors.xcdatamodel */;
			path = ClinicsAndDoctors.xcdatamodeld;
			sourceTree = "<group>";
			versionGroupType = wrapper.xcdatamodel;
		};
/* End XCVersionGroup section */
	};
	rootObject = FBE201811F7DF69F00C51A0D /* Project object */;
}
